lockfileVersion: '9.0'

settings:
  autoInstallPeers: true
  excludeLinksFromLockfile: false

importers:

  .:
    dependencies:
      '@hono/node-server':
        specifier: ^1.19.1
        version: 1.19.1(hono@4.9.6)

packages:

  '@hono/node-server@1.19.1':
    resolution: {integrity: sha512-h44e5s+ByUriaRIbeS/C74O8v90m0A95luyYQGMF7KEn96KkYMXO7bZAwombzTpjQTU4e0TkU8U1WBIXlwuwtA==}
    engines: {node: '>=18.14.1'}
    peerDependencies:
      hono: ^4

  hono@4.9.6:
    resolution: {integrity: sha512-doVjXhSFvYZ7y0dNokjwwSahcrAfdz+/BCLvAMa/vHLzjj8+CFyV5xteThGUsKdkaasgN+gF2mUxao+SGLpUeA==}
    engines: {node: '>=16.9.0'}

snapshots:

  '@hono/node-server@1.19.1(hono@4.9.6)':
    dependencies:
      hono: 4.9.6

  hono@4.9.6: {}
